
Microsoft Visual Studio Solution File, Format Version 12.00
# Visual Studio Version 16
VisualStudioVersion = 16.0.30114.105
MinimumVisualStudioVersion = 10.0.40219.1
Project("{FAE04EC0-301F-11D3-BF4B-00C04F79EFBC}") = "migrations", "src\migrations.csproj", "{B28E2FD7-DA37-4C0D-B6BA-BB35151EC3FE}"
EndProject
Global
	GlobalSection(SolutionConfigurationPlatforms) = preSolution
		Debug|Any CPU = Debug|Any CPU
		Debug|x64 = Debug|x64
		Debug|x86 = Debug|x86
		Release|Any CPU = Release|Any CPU
		Release|x64 = Release|x64
		Release|x86 = Release|x86
	EndGlobalSection
	GlobalSection(SolutionProperties) = preSolution
		HideSolutionNode = FALSE
	EndGlobalSection
	GlobalSection(ProjectConfigurationPlatforms) = postSolution
		{B28E2FD7-DA37-4C0D-B6BA-BB35151EC3FE}.Debug|Any CPU.ActiveCfg = Debug|Any CPU
		{B28E2FD7-DA37-4C0D-B6BA-BB35151EC3FE}.Debug|Any CPU.Build.0 = Debug|Any CPU
		{B28E2FD7-DA37-4C0D-B6BA-BB35151EC3FE}.Debug|x64.ActiveCfg = Debug|Any CPU
		{B28E2FD7-DA37-4C0D-B6BA-BB35151EC3FE}.Debug|x64.Build.0 = Debug|Any CPU
		{B28E2FD7-DA37-4C0D-B6BA-BB35151EC3FE}.Debug|x86.ActiveCfg = Debug|Any CPU
		{B28E2FD7-DA37-4C0D-B6BA-BB35151EC3FE}.Debug|x86.Build.0 = Debug|Any CPU
		{B28E2FD7-DA37-4C0D-B6BA-BB35151EC3FE}.Release|Any CPU.ActiveCfg = Release|Any CPU
		{B28E2FD7-DA37-4C0D-B6BA-BB35151EC3FE}.Release|Any CPU.Build.0 = Release|Any CPU
		{B28E2FD7-DA37-4C0D-B6BA-BB35151EC3FE}.Release|x64.ActiveCfg = Release|Any CPU
		{B28E2FD7-DA37-4C0D-B6BA-BB35151EC3FE}.Release|x64.Build.0 = Release|Any CPU
		{B28E2FD7-DA37-4C0D-B6BA-BB35151EC3FE}.Release|x86.ActiveCfg = Release|Any CPU
		{B28E2FD7-DA37-4C0D-B6BA-BB35151EC3FE}.Release|x86.Build.0 = Release|Any CPU
	EndGlobalSection
EndGlobal
